
Microsoft Visual Studio Solution File, Format Version 12.00
# Visual Studio Version 17
VisualStudioVersion = 17.8.34511.84
MinimumVisualStudioVersion = 10.0.40219.1
Project("{FAE04EC0-301F-11D3-BF4B-00C04F79EFBC}") = "025Exceptions", "025Exceptions\025Exceptions.csproj", "{7A47DD71-5CA6-4B56-899F-1C3831923895}"
EndProject
Global
	GlobalSection(SolutionConfigurationPlatforms) = preSolution
		Debug|Any CPU = Debug|Any CPU
		Release|Any CPU = Release|Any CPU
	EndGlobalSection
	GlobalSection(ProjectConfigurationPlatforms) = postSolution
		{7A47DD71-5CA6-4B56-899F-1C3831923895}.Debug|Any CPU.ActiveCfg = Debug|Any CPU
		{7A47DD71-5CA6-4B56-899F-1C3831923895}.Debug|Any CPU.Build.0 = Debug|Any CPU
		{7A47DD71-5CA6-4B56-899F-1C3831923895}.Release|Any CPU.ActiveCfg = Release|Any CPU
		{7A47DD71-5CA6-4B56-899F-1C3831923895}.Release|Any CPU.Build.0 = Release|Any CPU
	EndGlobalSection
	GlobalSection(SolutionProperties) = preSolution
		HideSolutionNode = FALSE
	EndGlobalSection
	GlobalSection(ExtensibilityGlobals) = postSolution
		SolutionGuid = {EAAB6DFC-5028-45C1-98B5-A9235D0C11CC}
	EndGlobalSection
EndGlobal
